
Microsoft Visual Studio Solution File, Format Version 12.00
# Visual Studio 15
VisualStudioVersion = 15.0.28307.168
MinimumVisualStudioVersion = 10.0.40219.1
Project("{FAE04EC0-301F-11D3-BF4B-00C04F79EFBC}") = "oef1", "oef1\oef1.csproj", "{467E2540-B37C-4966-BB30-66A5655FA7ED}"
EndProject
Global
	GlobalSection(SolutionConfigurationPlatforms) = preSolution
		Debug|Any CPU = Debug|Any CPU
		Release|Any CPU = Release|Any CPU
	EndGlobalSection
	GlobalSection(ProjectConfigurationPlatforms) = postSolution
		{467E2540-B37C-4966-BB30-66A5655FA7ED}.Debug|Any CPU.ActiveCfg = Debug|Any CPU
		{467E2540-B37C-4966-BB30-66A5655FA7ED}.Debug|Any CPU.Build.0 = Debug|Any CPU
		{467E2540-B37C-4966-BB30-66A5655FA7ED}.Release|Any CPU.ActiveCfg = Release|Any CPU
		{467E2540-B37C-4966-BB30-66A5655FA7ED}.Release|Any CPU.Build.0 = Release|Any CPU
	EndGlobalSection
	GlobalSection(SolutionProperties) = preSolution
		HideSolutionNode = FALSE
	EndGlobalSection
	GlobalSection(ExtensibilityGlobals) = postSolution
		SolutionGuid = {346B0694-760F-4142-8310-E11DCA1A78B4}
	EndGlobalSection
EndGlobal
