
Microsoft Visual Studio Solution File, Format Version 12.00
# Visual Studio 15
VisualStudioVersion = 15.0.28307.168
MinimumVisualStudioVersion = 10.0.40219.1
Project("{FAE04EC0-301F-11D3-BF4B-00C04F79EFBC}") = "oef2", "oef2\oef2.csproj", "{B3C3118C-6190-464E-AE06-E02BDD46BAB0}"
EndProject
Global
	GlobalSection(SolutionConfigurationPlatforms) = preSolution
		Debug|Any CPU = Debug|Any CPU
		Release|Any CPU = Release|Any CPU
	EndGlobalSection
	GlobalSection(ProjectConfigurationPlatforms) = postSolution
		{B3C3118C-6190-464E-AE06-E02BDD46BAB0}.Debug|Any CPU.ActiveCfg = Debug|Any CPU
		{B3C3118C-6190-464E-AE06-E02BDD46BAB0}.Debug|Any CPU.Build.0 = Debug|Any CPU
		{B3C3118C-6190-464E-AE06-E02BDD46BAB0}.Release|Any CPU.ActiveCfg = Release|Any CPU
		{B3C3118C-6190-464E-AE06-E02BDD46BAB0}.Release|Any CPU.Build.0 = Release|Any CPU
	EndGlobalSection
	GlobalSection(SolutionProperties) = preSolution
		HideSolutionNode = FALSE
	EndGlobalSection
	GlobalSection(ExtensibilityGlobals) = postSolution
		SolutionGuid = {42D6A340-E79D-491E-A297-D30F93EED859}
	EndGlobalSection
EndGlobal
